github.com/aws/aws-sdk-go-v2 v1.13.0/go.mod h1:L6+ZpqHaLbAaxsqV0L4cvxZY7QupWJB4fhkf8LXvC7w=
github.com/aws/aws-sdk-go-v2 v1.16.15 h1:2sInOWGE4HV54R90Pj8QgqBBw3Qf1I0husqbqjPZzys=
github.com/aws/aws-sdk-go-v2 v1.16.15/go.mod h1:SwiyXi/1zTUZ6KIAmLK5V5ll8SiURNUYOqTerZPaF9k=
github.com/aws/aws-sdk-go-v2/config v1.13.1 h1:yLv8bfNoT4r+UvUKQKqRtdnvuWGMK5a82l4ru9Jvnuo=
github.com/aws/aws-sdk-go-v2/config v1.13.1/go.mod h1:Ba5Z4yL/UGbjQUzsiaN378YobhFo0MLfueXGiOsYtEs=
github.com/aws/aws-sdk-go-v2/credentials v1.8.0/go.mod h1:gnMo58Vwx3Mu7hj1wpcG8DI0s57c9o42UQ6wgTQT5to=
github.com/aws/aws-sdk-go-v2/credentials v1.12.19 h1:fYtSz4Fd0lUavtj4FAtvol9G2k0lh1TK4LfeP1hdnLw=
github.com/aws/aws-sdk-go-v2/credentials v1.12.19/go.mod h1:fRQMbLwSHPr0XRzuez6x7BX5+0nNQs5BzG+oR4bQKyY=
github.com/aws/aws-sdk-go-v2/feature/ec2/imds v1.10.0/go.mod h1:I6/fHT/fH460v09eg2gVrd8B/IqskhNdpcLH0WNO3QI=
github.com/aws/aws-sdk-go-v2/feature/ec2/imds v1.12.16 h1:LX38v4cqSqrBETHUBnc8B+N6p5YA41GaPQ3jwICjetI=
github.com/aws/aws-sdk-go-v2/feature/ec2/imds v1.12.16/go.mod h1:lnJ8tKos2s7JeBdLVFknwVSlQZAKzkgrFNQmUaTWwRQ=
github.com/aws/aws-sdk-go-v2/internal/configsources v1.1.4/go.mod h1:XHgQ7Hz2WY2GAn//UXHofLfPXWh+s62MbMOijrg12Lw=
github.com/aws/aws-sdk-go-v2/internal/configsources v1.1.22 h1:pE27/u2A7JlwICjOvONQDob8PToShRTkuiUE74ymVWg=
github.com/aws/aws-sdk-go-v2/internal/configsources v1.1.22/go.mod h1:/vNv5Al0bpiF8YdX2Ov6Xy05VTiXsql94yUqJMYaj0w=
github.com/aws/aws-sdk-go-v2/internal/endpoints/v2 v2.2.0/go.mod h1:BsCSJHx5DnDXIrOcqB8KN1/B+hXLG/bi4Y6Vjcx/x9E=
github.com/aws/aws-sdk-go-v2/internal/endpoints/v2 v2.4.16 h1:L5LKGHHXOl4t7+5QZMTl38GIzSAq07XUTRtEquiHGMA=
github.com/aws/aws-sdk-go-v2/internal/endpoints/v2 v2.4.16/go.mod h1:62dsXI0BqTIGomDl8Hpm33dv0OntGaVblri3ZRParVQ=
github.com/aws/aws-sdk-go-v2/internal/ini v1.3.5 h1:ixotxbfTCFpqbuwFv/RcZwyzhkxPSYDYEMcj4niB5Uk=
github.com/aws/aws-sdk-go-v2/internal/ini v1.3.5/go.mod h1:R3sWUqPcfXSiF/LSFJhjyJmpg9uV6yP2yv3YZZjldVI=
github.com/aws/aws-sdk-go-v2/service/internal/presigned-url v1.7.0/go.mod h1:K/qPe6AP2TGYv4l6n7c88zh9jWBDf6nHhvg1fx/EWfU=
github.com/aws/aws-sdk-go-v2/service/internal/presigned-url v1.9.16 h1:9jysIwpUt7KGdsKOl+zA+0pG+7MpSsi0KQUcbE48n38=
github.com/aws/aws-sdk-go-v2/service/internal/presigned-url v1.9.16/go.mod h1:faBcf/4ZB4FRc17geaXWOxgzktotyJgBcUBZoHqvdfM=
github.com/aws/aws-sdk-go-v2/service/sqs v1.16.0 h1:dzWS4r8E9bA0TesHM40FSAtedwpTVCuTsLI8EziSqyk=
github.com/aws/aws-sdk-go-v2/service/sqs v1.16.0/go.mod h1:IBTQMG8mtyj37OWg7vIXcg714Ntcb/LlYou/rZpvV1k=
github.com/aws/aws-sdk-go-v2/service/sso v1.9.0/go.mod h1:vCV4glupK3tR7pw7ks7Y4jYRL86VvxS+g5qk04YeWrU=
github.com/aws/aws-sdk-go-v2/service/sso v1.11.22 h1:LrEyMbp0gMiXVaXpJ67jJkkqKCxivZvOd6wgXem0bWA=
github.com/aws/aws-sdk-go-v2/service/sso v1.11.22/go.mod h1:B2nDzX7lppT8j4EV2/WhT20SnRDp/LdNyqxyGYY46Ow=
github.com/aws/aws-sdk-go-v2/service/ssooidc v1.13.4 h1:d7Wh4xMQVVYfrJ1KHFGQ6jY/O51LjnTCWJgh85RT+TQ=
github.com/aws/aws-sdk-go-v2/service/ssooidc v1.13.4/go.mod h1:mOofcMJCDSJwmtZykUE/i6tWGNwMnkextriwzY1zcbc=
github.com/aws/aws-sdk-go-v2/service/sts v1.14.0/go.mod h1:u0xMJKDvvfocRjiozsoZglVNXRG19043xzp3r2ivLIk=
github.com/aws/aws-sdk-go-v2/service/sts v1.16.18 h1:TqEvnK8OceCKNQaDK9d5Ir2bOtC0S0dRQCwSbkV1rz0=
github.com/aws/aws-sdk-go-v2/service/sts v1.16.18/go.mod h1:AE4zMc8qCw1JnDvy0ZrDVb/OXRuuweG3BcT2Nv7Qh3E=
github.com/aws/smithy-go v1.10.0/go.mod h1:SObp3lf9smib00L/v3U2eAKG8FyQ7iLrJnQiAmR5n+E=
github.com/aws/smithy-go v1.13.3 h1:l7LYxGuzK6/K+NzJ2mC+VvLUbae0sL3bXU//04MkmnA=
github.com/aws/smithy-go v1.13.3/go.mod h1:Tg+OJXh4MB2R/uN61Ko2f6hTZwB/ZYGOtib8J3gBHzA=
github.com/davecgh/go-spew v1.1.0/go.mod h1:J7Y8YcW2NihsgmVo/mv3lAwl/skON4iLHjSsI+c5H38=
github.com/davecgh/go-spew v1.1.1 h1:vj9j/u1bqnvCEfJOwUhtlOARqs3+rkHYY13jYWTU97c=
github.com/davecgh/go-spew v1.1.1/go.mod h1:J7Y8YcW2NihsgmVo/mv3lAwl/skON4iLHjSsI+c5H38=
github.com/google/go-cmp v0.5.4/go.mod h1:v8dTdLbMG2kIc/vJvl+f65V22dbkXbowE6jgT/gNBxE=
github.com/google/go-cmp v0.5.6/go.mod h1:v8dTdLbMG2kIc/vJvl+f65V22dbkXbowE6jgT/gNBxE=
github.com/google/go-cmp v0.5.8 h1:e6P7q2lk1O+qJJb4BtCQXlK8vWEO8V1ZeuEdJNOqZyg=
github.com/google/go-cmp v0.5.8/go.mod h1:17dUlkBOakJ0+DkrSSNjCkIjxS6bF9zb3elmeNGIjoY=
github.com/jmespath/go-jmespath v0.4.0/go.mod h1:T8mJZnbsbmF+m6zOOFylbeCJqk5+pHWvzYPziyZiYoo=
github.com/jmespath/go-jmespath/internal/testify v1.5.1/go.mod h1:L3OGu8Wl2/fWfCI6z80xFu9LTZmf1ZRjMHUOPmWr69U=
github.com/pmezard/go-difflib v1.0.0 h1:4DBwDE0NGyQoBHbLQYPwSUPoCMWR5BEzIk/f1lZbAQM=
github.com/pmezard/go-difflib v1.0.0/go.mod h1:iKH77koFhYxTK1pcRnkKkqfTogsbg7gZNVY4sRDYZ/4=
github.com/sirupsen/logrus v1.8.1 h1:dJKuHgqk1NNQlqoA6BTlM1Wf9DOH3NBjQyu0h9+AZZE=
github.com/sirupsen/logrus v1.8.1/go.mod h1:yWOB1SBYBC5VeMP7gHvWumXLIWorT60ONWic61uBYv0=
github.com/stretchr/objx v0.1.0/go.mod h1:HFkY916IF+rwdDfMAkV7OtwuqBVzrE8GR6GFx+wExME=
github.com/stretchr/testify v1.2.2/go.mod h1:a8OnRcib4nhh0OaRAV+Yts87kKdq0PP7pXfy6kDkUVs=
github.com/stretchr/testify v1.7.0 h1:nwc3DEeHmmLAfoZucVR881uASk0Mfjw8xYJ99tb5CcY=
github.com/stretchr/testify v1.7.0/go.mod h1:6Fq8oRcR53rry900zMqJjRRixrwX3KX962/h/Wwjteg=
golang.org/x/sys v0.0.0-20191026070338-33540a1f6037/go.mod h1:h1NjWce9XRLGQEsW7wpKNCjG9DtNlClVuFLEZdDNbEs=
golang.org/x/sys v0.0.0-20210423082822-04245dca01da h1:b3NXsE2LusjYGGjL5bxEVZZORm/YEFFrWFjR8eFrw/c=
golang.org/x/sys v0.0.0-20210423082822-04245dca01da/go.mod h1:h1NjWce9XRLGQEsW7wpKNCjG9DtNlClVuFLEZdDNbEs=
golang.org/x/xerrors v0.0.0-20191204190536-9bdfabe68543/go.mod h1:I/5z698sn9Ka8TeJc9MKroUUfqBBauWjQqLJ2OPfmY0=
gopkg.in/check.v1 v0.0.0-20161208181325-20d25e280405 h1:yhCVgyC4o1eVCa2tZl7eS0r+SDo693bJlVdllGtEeKM=
gopkg.in/check.v1 v0.0.0-20161208181325-20d25e280405/go.mod h1:Co6ibVJAznAaIkqp8huTwlJQCZ016jof/cbN4VW5Yz0=
gopkg.in/yaml.v2 v2.2.8/go.mod h1:hI93XBmqTisBFMUTm0b8Fm+jr3Dg1NNxqwp+5A1VGuI=
gopkg.in/yaml.v3 v3.0.0-20200313102051-9f266ea9e77c h1:dUUwHk2QECo/6vqA44rthZ8ie2QXMNeKRTHCNY2nXvo=
gopkg.in/yaml.v3 v3.0.0-20200313102051-9f266ea9e77c/go.mod h1:K4uyk7z7BCEPqu6E+C64Yfv1cQ7kz7rIZviUmN+EgEM=
