github.com/aws/aws-sdk-go-v2 v1.13.0/go.mod h1:L6+ZpqHaLbAaxsqV0L4cvxZY7QupWJB4fhkf8LXvC7w=
github.com/aws/aws-sdk-go-v2 v1.16.11 h1:xM1ZPSvty3xVmdxiGr7ay/wlqv+MWhH0rMlyLdbC0YQ=
github.com/aws/aws-sdk-go-v2 v1.16.11/go.mod h1:WTACcleLz6VZTp7fak4EO5b9Q4foxbn+8PIz3PmyKlo=
github.com/aws/aws-sdk-go-v2/config v1.17.0 h1:e0tIuubcjp0gJQdllgEMwolWWXGK/sKAFd1tS5S6m6I=
github.com/aws/aws-sdk-go-v2/config v1.17.0/go.mod h1:4SKzBMiB8lV0fw2w7eDBo/LjQyHFITN4vUUuqpurFmI=
github.com/aws/aws-sdk-go-v2/credentials v1.12.13 h1:cuPzIsjKAWBUAAk8ZUR2l02Sxafl9hiaMsc7tlnjwAY=
github.com/aws/aws-sdk-go-v2/credentials v1.12.13/go.mod h1:9fDEemXizwXrxPU1MTzv69LP/9D8HVl5qHAQO9A9ikY=
github.com/aws/aws-sdk-go-v2/feature/ec2/imds v1.12.12 h1:wgJBHO58Pc1V1QAnzdVM3JK3WbE/6eUF0JxCZ+/izz0=
github.com/aws/aws-sdk-go-v2/feature/ec2/imds v1.12.12/go.mod h1:aZ4vZnyUuxedC7eD4JyEHpGnCz+O2sHQEx3VvAwklSE=
github.com/aws/aws-sdk-go-v2/internal/configsources v1.1.4/go.mod h1:XHgQ7Hz2WY2GAn//UXHofLfPXWh+s62MbMOijrg12Lw=
github.com/aws/aws-sdk-go-v2/internal/configsources v1.1.18 h1:OmiwoVyLKEqqD5GvB683dbSqxiOfvx4U2lDZhG2Esc4=
github.com/aws/aws-sdk-go-v2/internal/configsources v1.1.18/go.mod h1:348MLhzV1GSlZSMusdwQpXKbhD7X2gbI/TxwAPKkYZQ=
github.com/aws/aws-sdk-go-v2/internal/endpoints/v2 v2.2.0/go.mod h1:BsCSJHx5DnDXIrOcqB8KN1/B+hXLG/bi4Y6Vjcx/x9E=
github.com/aws/aws-sdk-go-v2/internal/endpoints/v2 v2.4.12 h1:5mvQDtNWtI6H56+E4LUnLWEmATMB7oEh+Z9RurtIuC0=
github.com/aws/aws-sdk-go-v2/internal/endpoints/v2 v2.4.12/go.mod h1:ckaCVTEdGAxO6KwTGzgskxR1xM+iJW4lxMyDFVda2Fc=
github.com/aws/aws-sdk-go-v2/internal/ini v1.3.19 h1:g5qq9sgtEzt2szMaDqQO6fqKe026T6dHTFJp5NsPzkQ=
github.com/aws/aws-sdk-go-v2/internal/ini v1.3.19/go.mod h1:cVHo8KTuHjShb9V8/VjH3S/8+xPu16qx8fdGwmotJhE=
github.com/aws/aws-sdk-go-v2/service/internal/presigned-url v1.9.12 h1:7iPTTX4SAI2U2VOogD7/gmHlsgnYSgoNHt7MSQXtG2M=
github.com/aws/aws-sdk-go-v2/service/internal/presigned-url v1.9.12/go.mod h1:1TODGhheLWjpQWSuhYuAUWYTCKwEjx2iblIFKDHjeTc=
github.com/aws/aws-sdk-go-v2/service/sqs v1.16.0 h1:dzWS4r8E9bA0TesHM40FSAtedwpTVCuTsLI8EziSqyk=
github.com/aws/aws-sdk-go-v2/service/sqs v1.16.0/go.mod h1:IBTQMG8mtyj37OWg7vIXcg714Ntcb/LlYou/rZpvV1k=
github.com/aws/aws-sdk-go-v2/service/sso v1.11.16 h1:YK8L7TNlGwMWHYqLs+i6dlITpxqzq08FqQUy26nm+T8=
github.com/aws/aws-sdk-go-v2/service/sso v1.11.16/go.mod h1:mS5xqLZc/6kc06IpXn5vRxdLaED+jEuaSRv5BxtnsiY=
github.com/aws/aws-sdk-go-v2/service/sts v1.16.13 h1:dl8T0PJlN92rvEGOEUiD0+YPYdPEaCZK0TqHukvSfII=
github.com/aws/aws-sdk-go-v2/service/sts v1.16.13/go.mod h1:Ru3QVMLygVs/07UQ3YDur1AQZZp2tUNje8wfloFttC0=
github.com/aws/smithy-go v1.10.0/go.mod h1:SObp3lf9smib00L/v3U2eAKG8FyQ7iLrJnQiAmR5n+E=
github.com/aws/smithy-go v1.12.1 h1:yQRC55aXN/y1W10HgwHle01DRuV9Dpf31iGkotjt3Ag=
github.com/aws/smithy-go v1.12.1/go.mod h1:Tg+OJXh4MB2R/uN61Ko2f6hTZwB/ZYGOtib8J3gBHzA=
github.com/davecgh/go-spew v1.1.0/go.mod h1:J7Y8YcW2NihsgmVo/mv3lAwl/skON4iLHjSsI+c5H38=
github.com/davecgh/go-spew v1.1.1 h1:vj9j/u1bqnvCEfJOwUhtlOARqs3+rkHYY13jYWTU97c=
github.com/davecgh/go-spew v1.1.1/go.mod h1:J7Y8YcW2NihsgmVo/mv3lAwl/skON4iLHjSsI+c5H38=
github.com/google/go-cmp v0.5.4/go.mod h1:v8dTdLbMG2kIc/vJvl+f65V22dbkXbowE6jgT/gNBxE=
github.com/google/go-cmp v0.5.6/go.mod h1:v8dTdLbMG2kIc/vJvl+f65V22dbkXbowE6jgT/gNBxE=
github.com/google/go-cmp v0.5.8 h1:e6P7q2lk1O+qJJb4BtCQXlK8vWEO8V1ZeuEdJNOqZyg=
github.com/google/go-cmp v0.5.8/go.mod h1:17dUlkBOakJ0+DkrSSNjCkIjxS6bF9zb3elmeNGIjoY=
github.com/jmespath/go-jmespath v0.4.0/go.mod h1:T8mJZnbsbmF+m6zOOFylbeCJqk5+pHWvzYPziyZiYoo=
github.com/jmespath/go-jmespath/internal/testify v1.5.1/go.mod h1:L3OGu8Wl2/fWfCI6z80xFu9LTZmf1ZRjMHUOPmWr69U=
github.com/pmezard/go-difflib v1.0.0 h1:4DBwDE0NGyQoBHbLQYPwSUPoCMWR5BEzIk/f1lZbAQM=
github.com/pmezard/go-difflib v1.0.0/go.mod h1:iKH77koFhYxTK1pcRnkKkqfTogsbg7gZNVY4sRDYZ/4=
github.com/sirupsen/logrus v1.8.1 h1:dJKuHgqk1NNQlqoA6BTlM1Wf9DOH3NBjQyu0h9+AZZE=
github.com/sirupsen/logrus v1.8.1/go.mod h1:yWOB1SBYBC5VeMP7gHvWumXLIWorT60ONWic61uBYv0=
github.com/stretchr/objx v0.1.0/go.mod h1:HFkY916IF+rwdDfMAkV7OtwuqBVzrE8GR6GFx+wExME=
github.com/stretchr/testify v1.2.2/go.mod h1:a8OnRcib4nhh0OaRAV+Yts87kKdq0PP7pXfy6kDkUVs=
github.com/stretchr/testify v1.7.0 h1:nwc3DEeHmmLAfoZucVR881uASk0Mfjw8xYJ99tb5CcY=
github.com/stretchr/testify v1.7.0/go.mod h1:6Fq8oRcR53rry900zMqJjRRixrwX3KX962/h/Wwjteg=
golang.org/x/sys v0.0.0-20191026070338-33540a1f6037/go.mod h1:h1NjWce9XRLGQEsW7wpKNCjG9DtNlClVuFLEZdDNbEs=
golang.org/x/sys v0.0.0-20210423082822-04245dca01da h1:b3NXsE2LusjYGGjL5bxEVZZORm/YEFFrWFjR8eFrw/c=
golang.org/x/sys v0.0.0-20210423082822-04245dca01da/go.mod h1:h1NjWce9XRLGQEsW7wpKNCjG9DtNlClVuFLEZdDNbEs=
golang.org/x/xerrors v0.0.0-20191204190536-9bdfabe68543/go.mod h1:I/5z698sn9Ka8TeJc9MKroUUfqBBauWjQqLJ2OPfmY0=
gopkg.in/check.v1 v0.0.0-20161208181325-20d25e280405 h1:yhCVgyC4o1eVCa2tZl7eS0r+SDo693bJlVdllGtEeKM=
gopkg.in/check.v1 v0.0.0-20161208181325-20d25e280405/go.mod h1:Co6ibVJAznAaIkqp8huTwlJQCZ016jof/cbN4VW5Yz0=
gopkg.in/yaml.v2 v2.2.8/go.mod h1:hI93XBmqTisBFMUTm0b8Fm+jr3Dg1NNxqwp+5A1VGuI=
gopkg.in/yaml.v3 v3.0.0-20200313102051-9f266ea9e77c h1:dUUwHk2QECo/6vqA44rthZ8ie2QXMNeKRTHCNY2nXvo=
gopkg.in/yaml.v3 v3.0.0-20200313102051-9f266ea9e77c/go.mod h1:K4uyk7z7BCEPqu6E+C64Yfv1cQ7kz7rIZviUmN+EgEM=
